<Solution>
  <Folder Name="/src/">
    <Project Path="src/Flit.Api/Flit.Api.csproj" />
    <Project Path="src/Flit.Gateway/Flit.Gateway.csproj" />
    <Project Path="src/Flit.SharedKernel/Flit.SharedKernel.csproj" />
    <Project Path="src/Flit.Infrastructure/Flit.Infrastructure.csproj" />
  </Folder>
  <Folder Name="/tests/">
    <Project Path="tests/Flit.Api.Tests/Flit.Api.Tests.csproj" />
    <Project Path="tests/Flit.ArchTests/Flit.ArchTests.csproj" />
  </Folder>
</Solution>
