<Solution>
  <Folder Name="/src/">
    <Project Path="src/Flit.Api/Flit.Api.csproj" />
    <Project Path="src/Flit.Gateway/Flit.Gateway.csproj" />
    <Project Path="src/Flit.Modules.Identity/Flit.Modules.Identity.csproj" />
    <Project Path="src/Flit.Modules.Users/Flit.Modules.Users.csproj" />
    <Project Path="src/Flit.Modules.Auth/Flit.Modules.Auth.csproj" />
    <Project Path="src/Flit.Modules.Rbac/Flit.Modules.Rbac.csproj" />
    <Project Path="src/Flit.Modules.Notifications/Flit.Modules.Notifications.csproj" />
    <Project Path="src/Flit.SharedKernel/Flit.SharedKernel.csproj" />
    <Project Path="src/Flit.Infrastructure/Flit.Infrastructure.csproj" />
  </Folder>
  <Folder Name="/tests/">
    <Project Path="tests/Flit.Api.Tests/Flit.Api.Tests.csproj" />
    <Project Path="tests/Flit.ArchTests/Flit.ArchTests.csproj" />
  </Folder>
</Solution>
